
Microsoft Visual Studio Solution File, Format Version 12.00
# Visual Studio Version 17
VisualStudioVersion = 17.3.32825.248
MinimumVisualStudioVersion = 10.0.40219.1
Project("{FAE04EC0-301F-11D3-BF4B-00C04F79EFBC}") = "Aula_73_ModParam_ref.out", "Aula_73_ModParam_ref.out\Aula_73_ModParam_ref.out.csproj", "{D4A7B61A-A088-4C3F-9408-9707776CBE50}"
EndProject
Global
	GlobalSection(SolutionConfigurationPlatforms) = preSolution
		Debug|Any CPU = Debug|Any CPU
		Release|Any CPU = Release|Any CPU
	EndGlobalSection
	GlobalSection(ProjectConfigurationPlatforms) = postSolution
		{D4A7B61A-A088-4C3F-9408-9707776CBE50}.Debug|Any CPU.ActiveCfg = Debug|Any CPU
		{D4A7B61A-A088-4C3F-9408-9707776CBE50}.Debug|Any CPU.Build.0 = Debug|Any CPU
		{D4A7B61A-A088-4C3F-9408-9707776CBE50}.Release|Any CPU.ActiveCfg = Release|Any CPU
		{D4A7B61A-A088-4C3F-9408-9707776CBE50}.Release|Any CPU.Build.0 = Release|Any CPU
	EndGlobalSection
	GlobalSection(SolutionProperties) = preSolution
		HideSolutionNode = FALSE
	EndGlobalSection
	GlobalSection(ExtensibilityGlobals) = postSolution
		SolutionGuid = {72E5F2A9-CDF6-472F-BD94-92F7EF6CA5E8}
	EndGlobalSection
EndGlobal
