
Microsoft Visual Studio Solution File, Format Version 12.00
# Visual Studio Version 17
VisualStudioVersion = 17.2.32630.192
MinimumVisualStudioVersion = 10.0.40219.1
Project("{FAE04EC0-301F-11D3-BF4B-00C04F79EFBC}") = "Exercicio_Teste_2", "Exercicio_Teste_2\Exercicio_Teste_2.csproj", "{2CE8EB4E-592F-44CF-A533-A4A508B4B799}"
EndProject
Global
	GlobalSection(SolutionConfigurationPlatforms) = preSolution
		Debug|Any CPU = Debug|Any CPU
		Release|Any CPU = Release|Any CPU
	EndGlobalSection
	GlobalSection(ProjectConfigurationPlatforms) = postSolution
		{2CE8EB4E-592F-44CF-A533-A4A508B4B799}.Debug|Any CPU.ActiveCfg = Debug|Any CPU
		{2CE8EB4E-592F-44CF-A533-A4A508B4B799}.Debug|Any CPU.Build.0 = Debug|Any CPU
		{2CE8EB4E-592F-44CF-A533-A4A508B4B799}.Release|Any CPU.ActiveCfg = Release|Any CPU
		{2CE8EB4E-592F-44CF-A533-A4A508B4B799}.Release|Any CPU.Build.0 = Release|Any CPU
	EndGlobalSection
	GlobalSection(SolutionProperties) = preSolution
		HideSolutionNode = FALSE
	EndGlobalSection
	GlobalSection(ExtensibilityGlobals) = postSolution
		SolutionGuid = {8DAA3E2B-4B16-4931-98FB-F43F41290169}
	EndGlobalSection
EndGlobal
