
Microsoft Visual Studio Solution File, Format Version 12.00
# Visual Studio Version 17
VisualStudioVersion = 17.3.32825.248
MinimumVisualStudioVersion = 10.0.40219.1
Project("{FAE04EC0-301F-11D3-BF4B-00C04F79EFBC}") = "Course", "Exerc_131_Stringbuilder\Course.csproj", "{FD85B7D6-FE6C-46D9-9C30-831F74FB2232}"
EndProject
Global
	GlobalSection(SolutionConfigurationPlatforms) = preSolution
		Debug|Any CPU = Debug|Any CPU
		Release|Any CPU = Release|Any CPU
	EndGlobalSection
	GlobalSection(ProjectConfigurationPlatforms) = postSolution
		{FD85B7D6-FE6C-46D9-9C30-831F74FB2232}.Debug|Any CPU.ActiveCfg = Debug|Any CPU
		{FD85B7D6-FE6C-46D9-9C30-831F74FB2232}.Debug|Any CPU.Build.0 = Debug|Any CPU
		{FD85B7D6-FE6C-46D9-9C30-831F74FB2232}.Release|Any CPU.ActiveCfg = Release|Any CPU
		{FD85B7D6-FE6C-46D9-9C30-831F74FB2232}.Release|Any CPU.Build.0 = Release|Any CPU
	EndGlobalSection
	GlobalSection(SolutionProperties) = preSolution
		HideSolutionNode = FALSE
	EndGlobalSection
	GlobalSection(ExtensibilityGlobals) = postSolution
		SolutionGuid = {D814E7F6-8A46-4729-86A4-0B861F7534EE}
	EndGlobalSection
EndGlobal
