
Microsoft Visual Studio Solution File, Format Version 12.00
# Visual Studio Version 17
VisualStudioVersion = 17.2.32630.192
MinimumVisualStudioVersion = 10.0.40219.1
Project("{FAE04EC0-301F-11D3-BF4B-00C04F79EFBC}") = "Exercicio_Teste_6", "Exercicio_Teste_6\Exercicio_Teste_6.csproj", "{8075C7C9-AA8A-4D7B-A5D6-2B3ECB372F38}"
EndProject
Global
	GlobalSection(SolutionConfigurationPlatforms) = preSolution
		Debug|Any CPU = Debug|Any CPU
		Release|Any CPU = Release|Any CPU
	EndGlobalSection
	GlobalSection(ProjectConfigurationPlatforms) = postSolution
		{8075C7C9-AA8A-4D7B-A5D6-2B3ECB372F38}.Debug|Any CPU.ActiveCfg = Debug|Any CPU
		{8075C7C9-AA8A-4D7B-A5D6-2B3ECB372F38}.Debug|Any CPU.Build.0 = Debug|Any CPU
		{8075C7C9-AA8A-4D7B-A5D6-2B3ECB372F38}.Release|Any CPU.ActiveCfg = Release|Any CPU
		{8075C7C9-AA8A-4D7B-A5D6-2B3ECB372F38}.Release|Any CPU.Build.0 = Release|Any CPU
	EndGlobalSection
	GlobalSection(SolutionProperties) = preSolution
		HideSolutionNode = FALSE
	EndGlobalSection
	GlobalSection(ExtensibilityGlobals) = postSolution
		SolutionGuid = {B3EF4612-D385-47C1-AFF4-ABFDCA5F4E8B}
	EndGlobalSection
EndGlobal
