
Microsoft Visual Studio Solution File, Format Version 12.00
# Visual Studio Version 17
VisualStudioVersion = 17.3.32825.248
MinimumVisualStudioVersion = 10.0.40219.1
Project("{FAE04EC0-301F-11D3-BF4B-00C04F79EFBC}") = "Exercicio_proposto_146", "Exercicio_proposto_146\Exercicio_proposto_146.csproj", "{A3CE2176-57BF-4040-AE96-76C6A88F665B}"
EndProject
Global
	GlobalSection(SolutionConfigurationPlatforms) = preSolution
		Debug|Any CPU = Debug|Any CPU
		Release|Any CPU = Release|Any CPU
	EndGlobalSection
	GlobalSection(ProjectConfigurationPlatforms) = postSolution
		{A3CE2176-57BF-4040-AE96-76C6A88F665B}.Debug|Any CPU.ActiveCfg = Debug|Any CPU
		{A3CE2176-57BF-4040-AE96-76C6A88F665B}.Debug|Any CPU.Build.0 = Debug|Any CPU
		{A3CE2176-57BF-4040-AE96-76C6A88F665B}.Release|Any CPU.ActiveCfg = Release|Any CPU
		{A3CE2176-57BF-4040-AE96-76C6A88F665B}.Release|Any CPU.Build.0 = Release|Any CPU
	EndGlobalSection
	GlobalSection(SolutionProperties) = preSolution
		HideSolutionNode = FALSE
	EndGlobalSection
	GlobalSection(ExtensibilityGlobals) = postSolution
		SolutionGuid = {3ABE5DBB-3C41-4481-9B93-BD405CA6E6B0}
	EndGlobalSection
EndGlobal
