
Microsoft Visual Studio Solution File, Format Version 12.00
# Visual Studio Version 17
VisualStudioVersion = 17.3.32825.248
MinimumVisualStudioVersion = 10.0.40219.1
Project("{FAE04EC0-301F-11D3-BF4B-00C04F79EFBC}") = "Aula_51_Construtores", "Aula_51_Construtores\Aula_51_Construtores.csproj", "{A2248302-4246-4E9C-AF20-FEE85AE1B7FD}"
EndProject
Global
	GlobalSection(SolutionConfigurationPlatforms) = preSolution
		Debug|Any CPU = Debug|Any CPU
		Release|Any CPU = Release|Any CPU
	EndGlobalSection
	GlobalSection(ProjectConfigurationPlatforms) = postSolution
		{A2248302-4246-4E9C-AF20-FEE85AE1B7FD}.Debug|Any CPU.ActiveCfg = Debug|Any CPU
		{A2248302-4246-4E9C-AF20-FEE85AE1B7FD}.Debug|Any CPU.Build.0 = Debug|Any CPU
		{A2248302-4246-4E9C-AF20-FEE85AE1B7FD}.Release|Any CPU.ActiveCfg = Release|Any CPU
		{A2248302-4246-4E9C-AF20-FEE85AE1B7FD}.Release|Any CPU.Build.0 = Release|Any CPU
	EndGlobalSection
	GlobalSection(SolutionProperties) = preSolution
		HideSolutionNode = FALSE
	EndGlobalSection
	GlobalSection(ExtensibilityGlobals) = postSolution
		SolutionGuid = {344FBDE4-0722-474E-96B8-B7F6987711F8}
	EndGlobalSection
EndGlobal
